
Microsoft Visual Studio Solution File, Format Version 12.00
# Visual Studio Version 17
VisualStudioVersion = 17.3.32929.385
MinimumVisualStudioVersion = 10.0.40219.1
Project("{FAE04EC0-301F-11D3-BF4B-00C04F79EFBC}") = "LAB3WPF", "LAB3WPF\LAB3WPF.csproj", "{B87B6DD3-6748-4823-ADB0-C39E33850FE3}"
EndProject
Global
	GlobalSection(SolutionConfigurationPlatforms) = preSolution
		Debug|Any CPU = Debug|Any CPU
		Release|Any CPU = Release|Any CPU
	EndGlobalSection
	GlobalSection(ProjectConfigurationPlatforms) = postSolution
		{B87B6DD3-6748-4823-ADB0-C39E33850FE3}.Debug|Any CPU.ActiveCfg = Debug|Any CPU
		{B87B6DD3-6748-4823-ADB0-C39E33850FE3}.Debug|Any CPU.Build.0 = Debug|Any CPU
		{B87B6DD3-6748-4823-ADB0-C39E33850FE3}.Release|Any CPU.ActiveCfg = Release|Any CPU
		{B87B6DD3-6748-4823-ADB0-C39E33850FE3}.Release|Any CPU.Build.0 = Release|Any CPU
	EndGlobalSection
	GlobalSection(SolutionProperties) = preSolution
		HideSolutionNode = FALSE
	EndGlobalSection
	GlobalSection(ExtensibilityGlobals) = postSolution
		SolutionGuid = {3CEC53AD-E7FF-46FE-AF52-3DEE0C26124B}
	EndGlobalSection
EndGlobal
